
Microsoft Visual Studio Solution File, Format Version 12.00
# Visual Studio Version 17
VisualStudioVersion = 17.9.34728.123
MinimumVisualStudioVersion = 10.0.40219.1
Project("{FAE04EC0-301F-11D3-BF4B-00C04F79EFBC}") = "VehicleWatch", "VehicleWatch.csproj", "{9886DADD-544B-4CE8-86EB-D9D87A13471F}"
EndProject
Global
	GlobalSection(SolutionConfigurationPlatforms) = preSolution
		Debug|Any CPU = Debug|Any CPU
		Release|Any CPU = Release|Any CPU
	EndGlobalSection
	GlobalSection(ProjectConfigurationPlatforms) = postSolution
		{9886DADD-544B-4CE8-86EB-D9D87A13471F}.Debug|Any CPU.ActiveCfg = Debug|Any CPU
		{9886DADD-544B-4CE8-86EB-D9D87A13471F}.Debug|Any CPU.Build.0 = Debug|Any CPU
		{9886DADD-544B-4CE8-86EB-D9D87A13471F}.Release|Any CPU.ActiveCfg = Release|Any CPU
		{9886DADD-544B-4CE8-86EB-D9D87A13471F}.Release|Any CPU.Build.0 = Release|Any CPU
	EndGlobalSection
	GlobalSection(SolutionProperties) = preSolution
		HideSolutionNode = FALSE
	EndGlobalSection
	GlobalSection(ExtensibilityGlobals) = postSolution
		SolutionGuid = {4FB31A11-F1F1-48A9-A0AF-62F10F21A616}
	EndGlobalSection
EndGlobal
